<?xml version="1.0" encoding="utf-8"?>
<Project ToolsVersion="4.0" xmlns="http://schemas.microsoft.com/developer/msbuild/2003" >
<ItemGroup>
    <Filter Include="Intermediate" />
    <Filter Include="KCCore" />
    <Filter Include="KCCore\Database" />
    <Filter Include="KCCore\Database\Private" />
    <Filter Include="KCCore\Systems" />
    <Filter Include="KCCore\Systems\DataGroup" />
    <Filter Include="KCCore\Systems\DataGroup\FileTypes" />
    <Filter Include="KCCore\Systems\DataGroup\Private" />
    <Filter Include="KCCore\Systems\Stats" />
    <Filter Include="KCCore\Systems\Stats\MathFunctions" />
    <Filter Include="KCCore\Systems\Stats\Private" />
    <Filter Include="KCCore\Systems\UnitTypes" />
    <Filter Include="KCCore\Systems\UnitTypes\Private" />
    <Filter Include="KCCore\Utils" />
    <Filter Include="KCCore\Utils\Containers" />
    <Filter Include="KCCore\Utils\Helpers" />
    <Filter Include="KCCore\Utils\IO" />
    <Filter Include="KCCore\Utils\Randomizers" />
    <Filter Include="KCCore\Utils\TypeDefinitions" />
    <Filter Include="TestCases" />
    <Filter Include="TestCases\SerializeTest" />
</ItemGroup>
<ItemGroup>
    <ClCompile Include="CoreClasses.cpp">
      <Filter></Filter>
    </ClCompile>
    <ClCompile Include="KCCore\KCCoreData.cpp">
      <Filter>KCCore</Filter>
    </ClCompile>
    <ClCompile Include="KCCore\KCCoreObject.cpp">
      <Filter>KCCore</Filter>
    </ClCompile>
    <ClCompile Include="KCCore\KCDefines.cpp">
      <Filter>KCCore</Filter>
    </ClCompile>
    <ClCompile Include="KCCore\Database\KCDatabaseManager.cpp">
      <Filter>KCCore\Database</Filter>
    </ClCompile>
    <ClCompile Include="KCCore\Systems\DataGroup\KCDataGroup.cpp">
      <Filter>KCCore\Systems\DataGroup</Filter>
    </ClCompile>
    <ClCompile Include="KCCore\Systems\DataGroup\KCDataGroupManager.cpp">
      <Filter>KCCore\Systems\DataGroup</Filter>
    </ClCompile>
    <ClCompile Include="KCCore\Systems\DataGroup\FileTypes\KCDataGroupBinaryReader.cpp">
      <Filter>KCCore\Systems\DataGroup\FileTypes</Filter>
    </ClCompile>
    <ClCompile Include="KCCore\Systems\DataGroup\FileTypes\KCDataGroupBinaryWriter.cpp">
      <Filter>KCCore\Systems\DataGroup\FileTypes</Filter>
    </ClCompile>
    <ClCompile Include="KCCore\Systems\DataGroup\FileTypes\KCDataGroupSimpleXMLReader.cpp">
      <Filter>KCCore\Systems\DataGroup\FileTypes</Filter>
    </ClCompile>
    <ClCompile Include="KCCore\Systems\DataGroup\FileTypes\KCDataGroupSimpleXMLWriter.cpp">
      <Filter>KCCore\Systems\DataGroup\FileTypes</Filter>
    </ClCompile>
    <ClCompile Include="KCCore\Systems\DataGroup\FileTypes\KCDataGroupStringParser.cpp">
      <Filter>KCCore\Systems\DataGroup\FileTypes</Filter>
    </ClCompile>
    <ClCompile Include="KCCore\Systems\DataGroup\FileTypes\KCDataGroupStringWriter.cpp">
      <Filter>KCCore\Systems\DataGroup\FileTypes</Filter>
    </ClCompile>
    <ClCompile Include="KCCore\Systems\DataGroup\Private\KCDataProperty.cpp">
      <Filter>KCCore\Systems\DataGroup\Private</Filter>
    </ClCompile>
    <ClCompile Include="KCCore\Systems\Stats\KCStatHandler.cpp">
      <Filter>KCCore\Systems\Stats</Filter>
    </ClCompile>
    <ClCompile Include="KCCore\Systems\Stats\KCStatManager.cpp">
      <Filter>KCCore\Systems\Stats</Filter>
    </ClCompile>
    <ClCompile Include="KCCore\Systems\Stats\KCStatsDefined.cpp">
      <Filter>KCCore\Systems\Stats</Filter>
    </ClCompile>
    <ClCompile Include="KCCore\Systems\Stats\Private\KCStats.cpp">
      <Filter>KCCore\Systems\Stats\Private</Filter>
    </ClCompile>
    <ClCompile Include="KCCore\Systems\UnitTypes\KCDefinedUnitTypes.cpp">
      <Filter>KCCore\Systems\UnitTypes</Filter>
    </ClCompile>
    <ClCompile Include="KCCore\Systems\UnitTypes\KCUnitTypeManager.cpp">
      <Filter>KCCore\Systems\UnitTypes</Filter>
    </ClCompile>
    <ClCompile Include="KCCore\Systems\UnitTypes\Private\KCUnitTypeCategory.cpp">
      <Filter>KCCore\Systems\UnitTypes\Private</Filter>
    </ClCompile>
    <ClCompile Include="KCCore\Utils\KCStringUtils.cpp">
      <Filter>KCCore\Utils</Filter>
    </ClCompile>
    <ClCompile Include="KCCore\Utils\Containers\KCName.cpp">
      <Filter>KCCore\Utils\Containers</Filter>
    </ClCompile>
    <ClCompile Include="KCCore\Utils\IO\KCFileUtilities.cpp">
      <Filter>KCCore\Utils\IO</Filter>
    </ClCompile>
    <ClCompile Include="KCCore\Utils\TypeDefinitions\KCDataTypes.cpp">
      <Filter>KCCore\Utils\TypeDefinitions</Filter>
    </ClCompile>
</ItemGroup>
<ItemGroup>
    <ClInclude Include="Intermediate\EnumsByName.h">
      <Filter>Intermediate</Filter>
    </ClInclude>
    <ClInclude Include="KCCore\KCCoreData.h">
      <Filter>KCCore</Filter>
    </ClInclude>
    <ClInclude Include="KCCore\KCCoreObject.h">
      <Filter>KCCore</Filter>
    </ClInclude>
    <ClInclude Include="KCCore\KCDefines.h">
      <Filter>KCCore</Filter>
    </ClInclude>
    <ClInclude Include="KCCore\KCIncludes.h">
      <Filter>KCCore</Filter>
    </ClInclude>
    <ClInclude Include="KCCore\Database\KCDatabaseManager.h">
      <Filter>KCCore\Database</Filter>
    </ClInclude>
    <ClInclude Include="KCCore\Database\KCDBEntry.h">
      <Filter>KCCore\Database</Filter>
    </ClInclude>
    <ClInclude Include="KCCore\Database\Private\KCDBDefinition.h">
      <Filter>KCCore\Database\Private</Filter>
    </ClInclude>
    <ClInclude Include="KCCore\Database\Private\KCDBInclude.h">
      <Filter>KCCore\Database\Private</Filter>
    </ClInclude>
    <ClInclude Include="KCCore\Database\Private\KCDBTable.h">
      <Filter>KCCore\Database\Private</Filter>
    </ClInclude>
    <ClInclude Include="KCCore\Systems\DataGroup\KCDataGroup.h">
      <Filter>KCCore\Systems\DataGroup</Filter>
    </ClInclude>
    <ClInclude Include="KCCore\Systems\DataGroup\KCDataGroupManager.h">
      <Filter>KCCore\Systems\DataGroup</Filter>
    </ClInclude>
    <ClInclude Include="KCCore\Systems\DataGroup\FileTypes\KCDataGroupBinaryReader.h">
      <Filter>KCCore\Systems\DataGroup\FileTypes</Filter>
    </ClInclude>
    <ClInclude Include="KCCore\Systems\DataGroup\FileTypes\KCDataGroupBinaryWriter.h">
      <Filter>KCCore\Systems\DataGroup\FileTypes</Filter>
    </ClInclude>
    <ClInclude Include="KCCore\Systems\DataGroup\FileTypes\KCDataGroupSimpleXMLInclude.h">
      <Filter>KCCore\Systems\DataGroup\FileTypes</Filter>
    </ClInclude>
    <ClInclude Include="KCCore\Systems\DataGroup\FileTypes\KCDataGroupSimpleXMLReader.h">
      <Filter>KCCore\Systems\DataGroup\FileTypes</Filter>
    </ClInclude>
    <ClInclude Include="KCCore\Systems\DataGroup\FileTypes\KCDataGroupSimpleXMLWriter.h">
      <Filter>KCCore\Systems\DataGroup\FileTypes</Filter>
    </ClInclude>
    <ClInclude Include="KCCore\Systems\DataGroup\FileTypes\KCDataGroupStringParser.h">
      <Filter>KCCore\Systems\DataGroup\FileTypes</Filter>
    </ClInclude>
    <ClInclude Include="KCCore\Systems\DataGroup\FileTypes\KCDataGroupStringWriter.h">
      <Filter>KCCore\Systems\DataGroup\FileTypes</Filter>
    </ClInclude>
    <ClInclude Include="KCCore\Systems\DataGroup\Private\KCDataGroupEnumsAndStructs.h">
      <Filter>KCCore\Systems\DataGroup\Private</Filter>
    </ClInclude>
    <ClInclude Include="KCCore\Systems\DataGroup\Private\KCDataProperty.h">
      <Filter>KCCore\Systems\DataGroup\Private</Filter>
    </ClInclude>
    <ClInclude Include="KCCore\Systems\Stats\KCStatHandler.h">
      <Filter>KCCore\Systems\Stats</Filter>
    </ClInclude>
    <ClInclude Include="KCCore\Systems\Stats\KCStatManager.h">
      <Filter>KCCore\Systems\Stats</Filter>
    </ClInclude>
    <ClInclude Include="KCCore\Systems\Stats\KCStatsDefined.h">
      <Filter>KCCore\Systems\Stats</Filter>
    </ClInclude>
    <ClInclude Include="KCCore\Systems\Stats\MathFunctions\IKCStatMathFunction.h">
      <Filter>KCCore\Systems\Stats\MathFunctions</Filter>
    </ClInclude>
    <ClInclude Include="KCCore\Systems\Stats\MathFunctions\KCStatMathFunctions.h">
      <Filter>KCCore\Systems\Stats\MathFunctions</Filter>
    </ClInclude>
    <ClInclude Include="KCCore\Systems\Stats\Private\IKCStatModifier.h">
      <Filter>KCCore\Systems\Stats\Private</Filter>
    </ClInclude>
    <ClInclude Include="KCCore\Systems\Stats\Private\KCStatDefinition.h">
      <Filter>KCCore\Systems\Stats\Private</Filter>
    </ClInclude>
    <ClInclude Include="KCCore\Systems\Stats\Private\KCStatInclude.h">
      <Filter>KCCore\Systems\Stats\Private</Filter>
    </ClInclude>
    <ClInclude Include="KCCore\Systems\Stats\Private\KCStats.h">
      <Filter>KCCore\Systems\Stats\Private</Filter>
    </ClInclude>
    <ClInclude Include="KCCore\Systems\UnitTypes\KCDefinedUnitTypes.h">
      <Filter>KCCore\Systems\UnitTypes</Filter>
    </ClInclude>
    <ClInclude Include="KCCore\Systems\UnitTypes\KCUnitTypeManager.h">
      <Filter>KCCore\Systems\UnitTypes</Filter>
    </ClInclude>
    <ClInclude Include="KCCore\Systems\UnitTypes\Private\KCUnitTypeCategory.h">
      <Filter>KCCore\Systems\UnitTypes\Private</Filter>
    </ClInclude>
    <ClInclude Include="KCCore\Systems\UnitTypes\Private\KCUnitTypeDef.h">
      <Filter>KCCore\Systems\UnitTypes\Private</Filter>
    </ClInclude>
    <ClInclude Include="KCCore\Utils\KCAsserts.h">
      <Filter>KCCore\Utils</Filter>
    </ClInclude>
    <ClInclude Include="KCCore\Utils\KCStringUtils.h">
      <Filter>KCCore\Utils</Filter>
    </ClInclude>
    <ClInclude Include="KCCore\Utils\Containers\KCBitArray.h">
      <Filter>KCCore\Utils\Containers</Filter>
    </ClInclude>
    <ClInclude Include="KCCore\Utils\Containers\KCName.h">
      <Filter>KCCore\Utils\Containers</Filter>
    </ClInclude>
    <ClInclude Include="KCCore\Utils\Containers\KCStringTable.h">
      <Filter>KCCore\Utils\Containers</Filter>
    </ClInclude>
    <ClInclude Include="KCCore\Utils\Containers\KCTArray.h">
      <Filter>KCCore\Utils\Containers</Filter>
    </ClInclude>
    <ClInclude Include="KCCore\Utils\Helpers\KCBitAndMaskUtils.h">
      <Filter>KCCore\Utils\Helpers</Filter>
    </ClInclude>
    <ClInclude Include="KCCore\Utils\IO\KCFileUtilities.h">
      <Filter>KCCore\Utils\IO</Filter>
    </ClInclude>
    <ClInclude Include="KCCore\Utils\IO\KCMemoryReader.h">
      <Filter>KCCore\Utils\IO</Filter>
    </ClInclude>
    <ClInclude Include="KCCore\Utils\IO\KCMemoryWriter.h">
      <Filter>KCCore\Utils\IO</Filter>
    </ClInclude>
    <ClInclude Include="KCCore\Utils\Randomizers\KCSeedDefinition.h">
      <Filter>KCCore\Utils\Randomizers</Filter>
    </ClInclude>
    <ClInclude Include="KCCore\Utils\TypeDefinitions\KCDataTypes.h">
      <Filter>KCCore\Utils\TypeDefinitions</Filter>
    </ClInclude>
    <ClInclude Include="KCCore\Utils\TypeDefinitions\KCPrimitiveTypesDefinition.h">
      <Filter>KCCore\Utils\TypeDefinitions</Filter>
    </ClInclude>
    <ClInclude Include="TestCases\KCDataGroupTestCase.h">
      <Filter>TestCases</Filter>
    </ClInclude>
    <ClInclude Include="TestCases\SerializeTest\KCIncludeTest.h">
      <Filter>TestCases\SerializeTest</Filter>
    </ClInclude>
</ItemGroup>

</Project>