<?xml version="1.0" encoding="utf-8"?>
<Project ToolsVersion="4.0" xmlns="http://schemas.microsoft.com/developer/msbuild/2003">
  <ItemGroup>
    <Filter Include="KCCore">
      <UniqueIdentifier>{cde37509-470a-4c57-9657-ed2c7041e49b}</UniqueIdentifier>
    </Filter>
    <Filter Include="KCCore\Containers">
      <UniqueIdentifier>{04fa7f8c-7cdf-424c-bd2b-c7c2aba0891c}</UniqueIdentifier>
    </Filter>
    <Filter Include="KCCore\IO">
      <UniqueIdentifier>{a9eed3ee-4b95-4764-b32a-1ee42baa132a}</UniqueIdentifier>
    </Filter>
    <Filter Include="KCCore\UnitTypes">
      <UniqueIdentifier>{b4a43385-861c-4552-bc25-ce295068b248}</UniqueIdentifier>
    </Filter>
    <Filter Include="KCCore\UnitTypes\UnitTypes">
      <UniqueIdentifier>{7ba9c286-17ed-45c4-8ab8-5da071f1e8ec}</UniqueIdentifier>
    </Filter>
    <Filter Include="KCCore\UnitTypes\Private">
      <UniqueIdentifier>{e2a15782-af75-4573-a22d-7cde9933d3b6}</UniqueIdentifier>
    </Filter>
    <Filter Include="KCCore\DataGroup">
      <UniqueIdentifier>{82e24a4f-fe7b-4aad-9d16-e06c37132b19}</UniqueIdentifier>
    </Filter>
    <Filter Include="KCCore\DataGroup\Private">
      <UniqueIdentifier>{0bc5955e-7dbf-4697-a052-2ed245b0e978}</UniqueIdentifier>
    </Filter>
    <Filter Include="KCCore\Utils">
      <UniqueIdentifier>{24bde16d-a036-4d02-ae3d-be773ab6ed18}</UniqueIdentifier>
    </Filter>
    <Filter Include="KCCore\DataGroup\FileTypes">
      <UniqueIdentifier>{84a8a90b-eaf3-4c3a-a4fe-f7130435b3bf}</UniqueIdentifier>
    </Filter>
    <Filter Include="TestCases">
      <UniqueIdentifier>{30588aac-bcaf-4269-9250-fc69cc5ed5f0}</UniqueIdentifier>
    </Filter>
    <Filter Include="TestCases\serializeTest">
      <UniqueIdentifier>{b53d2183-32d2-4c4e-8076-0b108324295c}</UniqueIdentifier>
    </Filter>
    <Filter Include="KCCore\Serialization">
      <UniqueIdentifier>{6f058dd3-90b9-4f16-ade9-2b931cb6cfb3}</UniqueIdentifier>
    </Filter>
  </ItemGroup>
  <ItemGroup>
    <ClCompile Include="CoreClasses.cpp" />
    <ClCompile Include="KCCore\UnitTypes\KCUnitTypeManager.cpp">
      <Filter>KCCore\UnitTypes</Filter>
    </ClCompile>
    <ClCompile Include="KCCore\UnitTypes\Private\KCUnitTypeCategory.cpp">
      <Filter>KCCore\UnitTypes\Private</Filter>
    </ClCompile>
    <ClCompile Include="KCCore\IO\KCFileUtilities.cpp">
      <Filter>KCCore\IO</Filter>
    </ClCompile>
    <ClCompile Include="KCCore\UnitTypes\KCDefinedUnitTypes.cpp">
      <Filter>KCCore\UnitTypes</Filter>
    </ClCompile>
    <ClCompile Include="KCCore\KCDefines.cpp">
      <Filter>KCCore</Filter>
    </ClCompile>
    <ClCompile Include="KCCore\Containers\KCName.cpp">
      <Filter>KCCore\Containers</Filter>
    </ClCompile>
    <ClCompile Include="KCCore\DataGroup\KCDataGroup.cpp">
      <Filter>KCCore\DataGroup</Filter>
    </ClCompile>
    <ClCompile Include="KCCore\DataGroup\Private\KCDataProperty.cpp">
      <Filter>KCCore\DataGroup\Private</Filter>
    </ClCompile>
    <ClCompile Include="KCCore\DataGroup\FileTypes\KCDataGroupStringParser.cpp">
      <Filter>KCCore\DataGroup\FileTypes</Filter>
    </ClCompile>
    <ClCompile Include="KCCore\DataGroup\FileTypes\KCDataGroupStringWriter.cpp">
      <Filter>KCCore\DataGroup\FileTypes</Filter>
    </ClCompile>
    <ClCompile Include="KCCore\DataGroup\FileTypes\KCDataGroupBinaryWriter.cpp">
      <Filter>KCCore\DataGroup\FileTypes</Filter>
    </ClCompile>
    <ClCompile Include="KCCore\DataGroup\FileTypes\KCDataGroupBinaryReader.cpp">
      <Filter>KCCore\DataGroup\FileTypes</Filter>
    </ClCompile>
    <ClCompile Include="KCCore\Utils\KCStringUtils.cpp">
      <Filter>KCCore\Utils</Filter>
    </ClCompile>
  </ItemGroup>
  <ItemGroup>
    <ClInclude Include="KCCore\UnitTypes\KCUnitTypeManager.h">
      <Filter>KCCore\UnitTypes</Filter>
    </ClInclude>
    <ClInclude Include="KCCore\IO\KCByteReader.h">
      <Filter>KCCore\IO</Filter>
    </ClInclude>
    <ClInclude Include="KCCore\Containers\KCTArray.h">
      <Filter>KCCore\Containers</Filter>
    </ClInclude>
    <ClInclude Include="KCCore\KCDefines.h">
      <Filter>KCCore</Filter>
    </ClInclude>
    <ClInclude Include="KCCore\UnitTypes\UnitTypes\KCUnitTypesItems.h">
      <Filter>KCCore\UnitTypes\UnitTypes</Filter>
    </ClInclude>
    <ClInclude Include="KCCore\UnitTypes\Private\KCUnitType.h">
      <Filter>KCCore\UnitTypes\Private</Filter>
    </ClInclude>
    <ClInclude Include="KCCore\UnitTypes\Private\KCUnitTypeCategory.h">
      <Filter>KCCore\UnitTypes\Private</Filter>
    </ClInclude>
    <ClInclude Include="KCCore\IO\KCFileUtilities.h">
      <Filter>KCCore\IO</Filter>
    </ClInclude>
    <ClInclude Include="KCCore\UnitTypes\KCDefinedUnitTypes.h">
      <Filter>KCCore\UnitTypes</Filter>
    </ClInclude>
    <ClInclude Include="KCCore\Containers\KCStringTable.h">
      <Filter>KCCore\Containers</Filter>
    </ClInclude>
    <ClInclude Include="KCCore\Containers\KCName.h">
      <Filter>KCCore\Containers</Filter>
    </ClInclude>
    <ClInclude Include="KCCore\DataGroup\KCDataGroup.h">
      <Filter>KCCore\DataGroup</Filter>
    </ClInclude>
    <ClInclude Include="KCCore\DataGroup\Private\KCDataGroupEnumsAndStructs.h">
      <Filter>KCCore\DataGroup\Private</Filter>
    </ClInclude>
    <ClInclude Include="KCCore\DataGroup\Private\KCDataProperty.h">
      <Filter>KCCore\DataGroup\Private</Filter>
    </ClInclude>
    <ClInclude Include="KCCore\KCIncludes.h">
      <Filter>KCCore</Filter>
    </ClInclude>
    <ClInclude Include="KCCore\Utils\KCAsserts.h">
      <Filter>KCCore\Utils</Filter>
    </ClInclude>
    <ClInclude Include="KCCore\DataGroup\FileTypes\KCDataGroupStringParser.h">
      <Filter>KCCore\DataGroup\FileTypes</Filter>
    </ClInclude>
    <ClInclude Include="KCCore\DataGroup\FileTypes\KCDataGroupStringWriter.h">
      <Filter>KCCore\DataGroup\FileTypes</Filter>
    </ClInclude>
    <ClInclude Include="KCCore\IO\KCByteWriter.h">
      <Filter>KCCore\IO</Filter>
    </ClInclude>
    <ClInclude Include="TestCases\KCDataGroupTestCase.h">
      <Filter>TestCases</Filter>
    </ClInclude>
    <ClInclude Include="KCCore\DataGroup\FileTypes\KCDataGroupBinaryWriter.h">
      <Filter>KCCore\DataGroup\FileTypes</Filter>
    </ClInclude>
    <ClInclude Include="KCCore\DataGroup\FileTypes\KCDataGroupBinaryReader.h">
      <Filter>KCCore\DataGroup\FileTypes</Filter>
    </ClInclude>
    <ClInclude Include="KCCore\Utils\KCStringUtils.h">
      <Filter>KCCore\Utils</Filter>
    </ClInclude>
    <ClInclude Include="TestCases\SerializeTest\KCIncludeTest.h">
      <Filter>TestCases\serializeTest</Filter>
    </ClInclude>
    <ClInclude Include="KCCore\Serialization\KCSerializationDefines.h">
      <Filter>KCCore\Serialization</Filter>
    </ClInclude>
  </ItemGroup>
  <ItemGroup>
    <None Include="TestCases\SerializeTest\KCIncludeTest.inc">
      <Filter>TestCases\serializeTest</Filter>
    </None>
  </ItemGroup>
</Project>